
Microsoft Visual Studio Solution File, Format Version 12.00
# Visual Studio 15
VisualStudioVersion = 15.0.27004.2010
MinimumVisualStudioVersion = 10.0.40219.1
Project("{FAE04EC0-301F-11D3-BF4B-00C04F79EFBC}") = "Presentation", "Presentation\Presentation.csproj", "{DE4F8D70-5CF9-4C96-8E65-150D177D17CF}"
EndProject
Project("{FAE04EC0-301F-11D3-BF4B-00C04F79EFBC}") = "Business", "Business\Business.csproj", "{5F9B1DD0-630B-484B-82D4-DE93E538A534}"
EndProject
Project("{FAE04EC0-301F-11D3-BF4B-00C04F79EFBC}") = "Data", "Data\Data.csproj", "{39B2A3AA-F2D3-4CA4-9098-40495E9336D4}"
EndProject
Global
	GlobalSection(SolutionConfigurationPlatforms) = preSolution
		Debug|Any CPU = Debug|Any CPU
		Release|Any CPU = Release|Any CPU
	EndGlobalSection
	GlobalSection(ProjectConfigurationPlatforms) = postSolution
		{DE4F8D70-5CF9-4C96-8E65-150D177D17CF}.Debug|Any CPU.ActiveCfg = Debug|Any CPU
		{DE4F8D70-5CF9-4C96-8E65-150D177D17CF}.Debug|Any CPU.Build.0 = Debug|Any CPU
		{DE4F8D70-5CF9-4C96-8E65-150D177D17CF}.Release|Any CPU.ActiveCfg = Release|Any CPU
		{DE4F8D70-5CF9-4C96-8E65-150D177D17CF}.Release|Any CPU.Build.0 = Release|Any CPU
		{5F9B1DD0-630B-484B-82D4-DE93E538A534}.Debug|Any CPU.ActiveCfg = Debug|Any CPU
		{5F9B1DD0-630B-484B-82D4-DE93E538A534}.Debug|Any CPU.Build.0 = Debug|Any CPU
		{5F9B1DD0-630B-484B-82D4-DE93E538A534}.Release|Any CPU.ActiveCfg = Release|Any CPU
		{5F9B1DD0-630B-484B-82D4-DE93E538A534}.Release|Any CPU.Build.0 = Release|Any CPU
		{39B2A3AA-F2D3-4CA4-9098-40495E9336D4}.Debug|Any CPU.ActiveCfg = Debug|Any CPU
		{39B2A3AA-F2D3-4CA4-9098-40495E9336D4}.Debug|Any CPU.Build.0 = Debug|Any CPU
		{39B2A3AA-F2D3-4CA4-9098-40495E9336D4}.Release|Any CPU.ActiveCfg = Release|Any CPU
		{39B2A3AA-F2D3-4CA4-9098-40495E9336D4}.Release|Any CPU.Build.0 = Release|Any CPU
	EndGlobalSection
	GlobalSection(SolutionProperties) = preSolution
		HideSolutionNode = FALSE
	EndGlobalSection
	GlobalSection(ExtensibilityGlobals) = postSolution
		SolutionGuid = {3F1F64AB-08B2-4612-A9B0-17B522601A34}
	EndGlobalSection
EndGlobal
